
Microsoft Visual Studio Solution File, Format Version 12.00
# Visual Studio Version 16
VisualStudioVersion = 16.0.31410.357
MinimumVisualStudioVersion = 10.0.40219.1
Project("{8BC9CEB8-8B4A-11D0-8D11-00A0C91BC942}") = "Game", "Game\Game.vcxproj", "{5747B994-4C93-41DE-959C-EEAED4D60C30}"
EndProject
Project("{8BC9CEB8-8B4A-11D0-8D11-00A0C91BC942}") = "Static", "Static\Static.vcxproj", "{2E4A0740-D39C-4C6F-8742-1886999E8D16}"
EndProject
Project("{8BC9CEB8-8B4A-11D0-8D11-00A0C91BC942}") = "Dynamic", "Dynamic\Dynamic.vcxproj", "{A5A0628F-0A6A-46FC-8FBC-44D4714854A5}"
EndProject
Global
	GlobalSection(SolutionConfigurationPlatforms) = preSolution
		Debug|x64 = Debug|x64
		Debug|x86 = Debug|x86
		Release|x64 = Release|x64
		Release|x86 = Release|x86
	EndGlobalSection
	GlobalSection(ProjectConfigurationPlatforms) = postSolution
		{5747B994-4C93-41DE-959C-EEAED4D60C30}.Debug|x64.ActiveCfg = Debug|x64
		{5747B994-4C93-41DE-959C-EEAED4D60C30}.Debug|x64.Build.0 = Debug|x64
		{5747B994-4C93-41DE-959C-EEAED4D60C30}.Debug|x86.ActiveCfg = Debug|Win32
		{5747B994-4C93-41DE-959C-EEAED4D60C30}.Debug|x86.Build.0 = Debug|Win32
		{5747B994-4C93-41DE-959C-EEAED4D60C30}.Release|x64.ActiveCfg = Release|x64
		{5747B994-4C93-41DE-959C-EEAED4D60C30}.Release|x64.Build.0 = Release|x64
		{5747B994-4C93-41DE-959C-EEAED4D60C30}.Release|x86.ActiveCfg = Release|Win32
		{5747B994-4C93-41DE-959C-EEAED4D60C30}.Release|x86.Build.0 = Release|Win32
		{2E4A0740-D39C-4C6F-8742-1886999E8D16}.Debug|x64.ActiveCfg = Debug|x64
		{2E4A0740-D39C-4C6F-8742-1886999E8D16}.Debug|x64.Build.0 = Debug|x64
		{2E4A0740-D39C-4C6F-8742-1886999E8D16}.Debug|x86.ActiveCfg = Debug|Win32
		{2E4A0740-D39C-4C6F-8742-1886999E8D16}.Debug|x86.Build.0 = Debug|Win32
		{2E4A0740-D39C-4C6F-8742-1886999E8D16}.Release|x64.ActiveCfg = Release|x64
		{2E4A0740-D39C-4C6F-8742-1886999E8D16}.Release|x64.Build.0 = Release|x64
		{2E4A0740-D39C-4C6F-8742-1886999E8D16}.Release|x86.ActiveCfg = Release|Win32
		{2E4A0740-D39C-4C6F-8742-1886999E8D16}.Release|x86.Build.0 = Release|Win32
		{A5A0628F-0A6A-46FC-8FBC-44D4714854A5}.Debug|x64.ActiveCfg = Debug|x64
		{A5A0628F-0A6A-46FC-8FBC-44D4714854A5}.Debug|x64.Build.0 = Debug|x64
		{A5A0628F-0A6A-46FC-8FBC-44D4714854A5}.Debug|x86.ActiveCfg = Debug|Win32
		{A5A0628F-0A6A-46FC-8FBC-44D4714854A5}.Debug|x86.Build.0 = Debug|Win32
		{A5A0628F-0A6A-46FC-8FBC-44D4714854A5}.Release|x64.ActiveCfg = Release|x64
		{A5A0628F-0A6A-46FC-8FBC-44D4714854A5}.Release|x64.Build.0 = Release|x64
		{A5A0628F-0A6A-46FC-8FBC-44D4714854A5}.Release|x86.ActiveCfg = Release|Win32
		{A5A0628F-0A6A-46FC-8FBC-44D4714854A5}.Release|x86.Build.0 = Release|Win32
	EndGlobalSection
	GlobalSection(SolutionProperties) = preSolution
		HideSolutionNode = FALSE
	EndGlobalSection
	GlobalSection(ExtensibilityGlobals) = postSolution
		SolutionGuid = {3823BB47-C309-4383-BA94-A530ABBE14FC}
	EndGlobalSection
EndGlobal
